
Microsoft Visual Studio Solution File, Format Version 12.00
# Visual Studio Version 16
VisualStudioVersion = 16.0.29709.97
MinimumVisualStudioVersion = 10.0.40219.1
Project("{FAE04EC0-301F-11D3-BF4B-00C04F79EFBC}") = "CarParkingBooking", "CarParkingBooking.csproj", "{2AB11652-2FC0-4A11-93B0-1EF952BAA1FC}"
EndProject
Project("{FAE04EC0-301F-11D3-BF4B-00C04F79EFBC}") = "CarParkingBooking.DAL", "..\CarParkingBooking.DAL\CarParkingBooking.DAL.csproj", "{8E392AE1-1E60-4672-8739-28097FCF0247}"
EndProject
Project("{FAE04EC0-301F-11D3-BF4B-00C04F79EFBC}") = "CarParkingBooking.BL", "..\CarParkingBooking.BL\CarParkingBooking.BL.csproj", "{C3830739-E9AF-40D3-BB22-E72706F238EF}"
EndProject
Project("{FAE04EC0-301F-11D3-BF4B-00C04F79EFBC}") = "CarParkingBooking.Common", "..\CarParkingBooking.Common\CarParkingBooking.Common.csproj", "{A9826B19-550D-409C-97FC-6C6BF121165C}"
EndProject
Project("{FAE04EC0-301F-11D3-BF4B-00C04F79EFBC}") = "CarParkingBooking.ENTITY", "..\CarParkingBooking.ENTITY\CarParkingBooking.ENTITY.csproj", "{6F83AEF8-726B-4264-B785-77B3A0D0791F}"
EndProject
Global
	GlobalSection(SolutionConfigurationPlatforms) = preSolution
		Debug|Any CPU = Debug|Any CPU
		Release|Any CPU = Release|Any CPU
	EndGlobalSection
	GlobalSection(ProjectConfigurationPlatforms) = postSolution
		{2AB11652-2FC0-4A11-93B0-1EF952BAA1FC}.Debug|Any CPU.ActiveCfg = Debug|Any CPU
		{2AB11652-2FC0-4A11-93B0-1EF952BAA1FC}.Debug|Any CPU.Build.0 = Debug|Any CPU
		{2AB11652-2FC0-4A11-93B0-1EF952BAA1FC}.Release|Any CPU.ActiveCfg = Release|Any CPU
		{2AB11652-2FC0-4A11-93B0-1EF952BAA1FC}.Release|Any CPU.Build.0 = Release|Any CPU
		{8E392AE1-1E60-4672-8739-28097FCF0247}.Debug|Any CPU.ActiveCfg = Debug|Any CPU
		{8E392AE1-1E60-4672-8739-28097FCF0247}.Debug|Any CPU.Build.0 = Debug|Any CPU
		{8E392AE1-1E60-4672-8739-28097FCF0247}.Release|Any CPU.ActiveCfg = Release|Any CPU
		{8E392AE1-1E60-4672-8739-28097FCF0247}.Release|Any CPU.Build.0 = Release|Any CPU
		{C3830739-E9AF-40D3-BB22-E72706F238EF}.Debug|Any CPU.ActiveCfg = Debug|Any CPU
		{C3830739-E9AF-40D3-BB22-E72706F238EF}.Debug|Any CPU.Build.0 = Debug|Any CPU
		{C3830739-E9AF-40D3-BB22-E72706F238EF}.Release|Any CPU.ActiveCfg = Release|Any CPU
		{C3830739-E9AF-40D3-BB22-E72706F238EF}.Release|Any CPU.Build.0 = Release|Any CPU
		{A9826B19-550D-409C-97FC-6C6BF121165C}.Debug|Any CPU.ActiveCfg = Debug|Any CPU
		{A9826B19-550D-409C-97FC-6C6BF121165C}.Debug|Any CPU.Build.0 = Debug|Any CPU
		{A9826B19-550D-409C-97FC-6C6BF121165C}.Release|Any CPU.ActiveCfg = Release|Any CPU
		{A9826B19-550D-409C-97FC-6C6BF121165C}.Release|Any CPU.Build.0 = Release|Any CPU
		{6F83AEF8-726B-4264-B785-77B3A0D0791F}.Debug|Any CPU.ActiveCfg = Debug|Any CPU
		{6F83AEF8-726B-4264-B785-77B3A0D0791F}.Debug|Any CPU.Build.0 = Debug|Any CPU
		{6F83AEF8-726B-4264-B785-77B3A0D0791F}.Release|Any CPU.ActiveCfg = Release|Any CPU
		{6F83AEF8-726B-4264-B785-77B3A0D0791F}.Release|Any CPU.Build.0 = Release|Any CPU
	EndGlobalSection
	GlobalSection(SolutionProperties) = preSolution
		HideSolutionNode = FALSE
	EndGlobalSection
	GlobalSection(ExtensibilityGlobals) = postSolution
		SolutionGuid = {8B43F7BA-55BE-4EBF-90B0-5BF6FE187BC6}
	EndGlobalSection
EndGlobal
